
Microsoft Visual Studio Solution File, Format Version 12.00
# Visual Studio Version 17
VisualStudioVersion = 17.11.35312.102
MinimumVisualStudioVersion = 10.0.40219.1
Project("{FAE04EC0-301F-11D3-BF4B-00C04F79EFBC}") = "Tutorium02", "Tutorium02\Tutorium02.csproj", "{F1791F6F-C82B-439B-AE9A-856760E29E26}"
EndProject
Project("{FAE04EC0-301F-11D3-BF4B-00C04F79EFBC}") = "Tutroium03", "Tutroium03\Tutroium03.csproj", "{E04DD291-B4FA-410C-AF4E-306BA5BA27AD}"
EndProject
Project("{FAE04EC0-301F-11D3-BF4B-00C04F79EFBC}") = "Tutorium04", "Tutorium04\Tutorium04.csproj", "{B749A936-EF84-47EC-9FF2-843211BE6474}"
EndProject
Project("{FAE04EC0-301F-11D3-BF4B-00C04F79EFBC}") = "Tutorium05", "Tutorium05\Tutorium05.csproj", "{D1A077E2-6B1A-4E60-8E2F-7A77056A566D}"
EndProject
Project("{FAE04EC0-301F-11D3-BF4B-00C04F79EFBC}") = "Tutroium06", "Tutroium06\Tutroium06.csproj", "{B61DC44C-ACBB-45D8-9397-923ECCE71768}"
EndProject
Global
	GlobalSection(SolutionConfigurationPlatforms) = preSolution
		Debug|Any CPU = Debug|Any CPU
		Release|Any CPU = Release|Any CPU
	EndGlobalSection
	GlobalSection(ProjectConfigurationPlatforms) = postSolution
		{F1791F6F-C82B-439B-AE9A-856760E29E26}.Debug|Any CPU.ActiveCfg = Debug|Any CPU
		{F1791F6F-C82B-439B-AE9A-856760E29E26}.Debug|Any CPU.Build.0 = Debug|Any CPU
		{F1791F6F-C82B-439B-AE9A-856760E29E26}.Release|Any CPU.ActiveCfg = Release|Any CPU
		{F1791F6F-C82B-439B-AE9A-856760E29E26}.Release|Any CPU.Build.0 = Release|Any CPU
		{E04DD291-B4FA-410C-AF4E-306BA5BA27AD}.Debug|Any CPU.ActiveCfg = Debug|Any CPU
		{E04DD291-B4FA-410C-AF4E-306BA5BA27AD}.Debug|Any CPU.Build.0 = Debug|Any CPU
		{E04DD291-B4FA-410C-AF4E-306BA5BA27AD}.Release|Any CPU.ActiveCfg = Release|Any CPU
		{E04DD291-B4FA-410C-AF4E-306BA5BA27AD}.Release|Any CPU.Build.0 = Release|Any CPU
		{B749A936-EF84-47EC-9FF2-843211BE6474}.Debug|Any CPU.ActiveCfg = Debug|Any CPU
		{B749A936-EF84-47EC-9FF2-843211BE6474}.Debug|Any CPU.Build.0 = Debug|Any CPU
		{B749A936-EF84-47EC-9FF2-843211BE6474}.Release|Any CPU.ActiveCfg = Release|Any CPU
		{B749A936-EF84-47EC-9FF2-843211BE6474}.Release|Any CPU.Build.0 = Release|Any CPU
		{D1A077E2-6B1A-4E60-8E2F-7A77056A566D}.Debug|Any CPU.ActiveCfg = Debug|Any CPU
		{D1A077E2-6B1A-4E60-8E2F-7A77056A566D}.Debug|Any CPU.Build.0 = Debug|Any CPU
		{D1A077E2-6B1A-4E60-8E2F-7A77056A566D}.Release|Any CPU.ActiveCfg = Release|Any CPU
		{D1A077E2-6B1A-4E60-8E2F-7A77056A566D}.Release|Any CPU.Build.0 = Release|Any CPU
		{B61DC44C-ACBB-45D8-9397-923ECCE71768}.Debug|Any CPU.ActiveCfg = Debug|Any CPU
		{B61DC44C-ACBB-45D8-9397-923ECCE71768}.Debug|Any CPU.Build.0 = Debug|Any CPU
	EndGlobalSection
	GlobalSection(SolutionProperties) = preSolution
		HideSolutionNode = FALSE
	EndGlobalSection
	GlobalSection(ExtensibilityGlobals) = postSolution
		SolutionGuid = {E59FDCF6-9C26-4EB0-A598-16269CB23B00}
	EndGlobalSection
EndGlobal
